
Microsoft Visual Studio Solution File, Format Version 12.00
# Visual Studio 15
VisualStudioVersion = 15.0.27130.2010
MinimumVisualStudioVersion = 10.0.40219.1
Project("{FAE04EC0-301F-11D3-BF4B-00C04F79EFBC}") = "Phoneword.Android", "Phoneword\Phoneword.Android\Phoneword.Android.csproj", "{DB58376A-2CB4-4F77-8DC3-A4B6051F01D7}"
EndProject
Project("{FAE04EC0-301F-11D3-BF4B-00C04F79EFBC}") = "Phoneword.iOS", "Phoneword\Phoneword.iOS\Phoneword.iOS.csproj", "{ACB27231-4E3E-40D5-9759-167A629674AB}"
EndProject
Project("{FAE04EC0-301F-11D3-BF4B-00C04F79EFBC}") = "Phoneword.UWP", "Phoneword\Phoneword.UWP\Phoneword.UWP.csproj", "{BA6FA0DD-22D2-4815-A6BC-31E181D9F2D5}"
EndProject
Project("{D954291E-2A0B-460D-934E-DC6B0785DB48}") = "Phoneword", "Phoneword\Phoneword\Phoneword.shproj", "{75BE115C-6311-4225-BA8F-644B4AF40189}"
EndProject
Project("{FAE04EC0-301F-11D3-BF4B-00C04F79EFBC}") = "Apppizz", "Apppizz\Apppizz.csproj", "{6DC77E45-A322-4593-BFE2-37781E0463C2}"
EndProject
Global
	GlobalSection(SharedMSBuildProjectFiles) = preSolution
		Phoneword\Phoneword\Phoneword.projitems*{75be115c-6311-4225-ba8f-644b4af40189}*SharedItemsImports = 13
		Phoneword\Phoneword\Phoneword.projitems*{acb27231-4e3e-40d5-9759-167a629674ab}*SharedItemsImports = 4
		Phoneword\Phoneword\Phoneword.projitems*{ba6fa0dd-22d2-4815-a6bc-31e181d9f2d5}*SharedItemsImports = 4
		Phoneword\Phoneword\Phoneword.projitems*{db58376a-2cb4-4f77-8dc3-a4b6051f01d7}*SharedItemsImports = 4
	EndGlobalSection
	GlobalSection(SolutionConfigurationPlatforms) = preSolution
		Ad-Hoc|Any CPU = Ad-Hoc|Any CPU
		Ad-Hoc|ARM = Ad-Hoc|ARM
		Ad-Hoc|iPhone = Ad-Hoc|iPhone
		Ad-Hoc|iPhoneSimulator = Ad-Hoc|iPhoneSimulator
		Ad-Hoc|x64 = Ad-Hoc|x64
		Ad-Hoc|x86 = Ad-Hoc|x86
		AppStore|Any CPU = AppStore|Any CPU
		AppStore|ARM = AppStore|ARM
		AppStore|iPhone = AppStore|iPhone
		AppStore|iPhoneSimulator = AppStore|iPhoneSimulator
		AppStore|x64 = AppStore|x64
		AppStore|x86 = AppStore|x86
		Debug|Any CPU = Debug|Any CPU
		Debug|ARM = Debug|ARM
		Debug|iPhone = Debug|iPhone
		Debug|iPhoneSimulator = Debug|iPhoneSimulator
		Debug|x64 = Debug|x64
		Debug|x86 = Debug|x86
		Release|Any CPU = Release|Any CPU
		Release|ARM = Release|ARM
		Release|iPhone = Release|iPhone
		Release|iPhoneSimulator = Release|iPhoneSimulator
		Release|x64 = Release|x64
		Release|x86 = Release|x86
	EndGlobalSection
	GlobalSection(ProjectConfigurationPlatforms) = postSolution
		{DB58376A-2CB4-4F77-8DC3-A4B6051F01D7}.Ad-Hoc|Any CPU.ActiveCfg = Release|Any CPU
		{DB58376A-2CB4-4F77-8DC3-A4B6051F01D7}.Ad-Hoc|Any CPU.Build.0 = Release|Any CPU
		{DB58376A-2CB4-4F77-8DC3-A4B6051F01D7}.Ad-Hoc|Any CPU.Deploy.0 = Release|Any CPU
		{DB58376A-2CB4-4F77-8DC3-A4B6051F01D7}.Ad-Hoc|ARM.ActiveCfg = Release|Any CPU
		{DB58376A-2CB4-4F77-8DC3-A4B6051F01D7}.Ad-Hoc|ARM.Build.0 = Release|Any CPU
		{DB58376A-2CB4-4F77-8DC3-A4B6051F01D7}.Ad-Hoc|ARM.Deploy.0 = Release|Any CPU
		{DB58376A-2CB4-4F77-8DC3-A4B6051F01D7}.Ad-Hoc|iPhone.ActiveCfg = Release|Any CPU
		{DB58376A-2CB4-4F77-8DC3-A4B6051F01D7}.Ad-Hoc|iPhone.Build.0 = Release|Any CPU
		{DB58376A-2CB4-4F77-8DC3-A4B6051F01D7}.Ad-Hoc|iPhone.Deploy.0 = Release|Any CPU
		{DB58376A-2CB4-4F77-8DC3-A4B6051F01D7}.Ad-Hoc|iPhoneSimulator.ActiveCfg = Release|Any CPU
		{DB58376A-2CB4-4F77-8DC3-A4B6051F01D7}.Ad-Hoc|iPhoneSimulator.Build.0 = Release|Any CPU
		{DB58376A-2CB4-4F77-8DC3-A4B6051F01D7}.Ad-Hoc|iPhoneSimulator.Deploy.0 = Release|Any CPU
		{DB58376A-2CB4-4F77-8DC3-A4B6051F01D7}.Ad-Hoc|x64.ActiveCfg = Release|Any CPU
		{DB58376A-2CB4-4F77-8DC3-A4B6051F01D7}.Ad-Hoc|x64.Build.0 = Release|Any CPU
		{DB58376A-2CB4-4F77-8DC3-A4B6051F01D7}.Ad-Hoc|x64.Deploy.0 = Release|Any CPU
		{DB58376A-2CB4-4F77-8DC3-A4B6051F01D7}.Ad-Hoc|x86.ActiveCfg = Release|Any CPU
		{DB58376A-2CB4-4F77-8DC3-A4B6051F01D7}.Ad-Hoc|x86.Build.0 = Release|Any CPU
		{DB58376A-2CB4-4F77-8DC3-A4B6051F01D7}.Ad-Hoc|x86.Deploy.0 = Release|Any CPU
		{DB58376A-2CB4-4F77-8DC3-A4B6051F01D7}.AppStore|Any CPU.ActiveCfg = Release|Any CPU
		{DB58376A-2CB4-4F77-8DC3-A4B6051F01D7}.AppStore|Any CPU.Build.0 = Release|Any CPU
		{DB58376A-2CB4-4F77-8DC3-A4B6051F01D7}.AppStore|Any CPU.Deploy.0 = Release|Any CPU
		{DB58376A-2CB4-4F77-8DC3-A4B6051F01D7}.AppStore|ARM.ActiveCfg = Release|Any CPU
		{DB58376A-2CB4-4F77-8DC3-A4B6051F01D7}.AppStore|ARM.Build.0 = Release|Any CPU
		{DB58376A-2CB4-4F77-8DC3-A4B6051F01D7}.AppStore|ARM.Deploy.0 = Release|Any CPU
		{DB58376A-2CB4-4F77-8DC3-A4B6051F01D7}.AppStore|iPhone.ActiveCfg = Release|Any CPU
		{DB58376A-2CB4-4F77-8DC3-A4B6051F01D7}.AppStore|iPhone.Build.0 = Release|Any CPU
		{DB58376A-2CB4-4F77-8DC3-A4B6051F01D7}.AppStore|iPhone.Deploy.0 = Release|Any CPU
		{DB58376A-2CB4-4F77-8DC3-A4B6051F01D7}.AppStore|iPhoneSimulator.ActiveCfg = Release|Any CPU
		{DB58376A-2CB4-4F77-8DC3-A4B6051F01D7}.AppStore|iPhoneSimulator.Build.0 = Release|Any CPU
		{DB58376A-2CB4-4F77-8DC3-A4B6051F01D7}.AppStore|iPhoneSimulator.Deploy.0 = Release|Any CPU
		{DB58376A-2CB4-4F77-8DC3-A4B6051F01D7}.AppStore|x64.ActiveCfg = Release|Any CPU
		{DB58376A-2CB4-4F77-8DC3-A4B6051F01D7}.AppStore|x64.Build.0 = Release|Any CPU
		{DB58376A-2CB4-4F77-8DC3-A4B6051F01D7}.AppStore|x64.Deploy.0 = Release|Any CPU
		{DB58376A-2CB4-4F77-8DC3-A4B6051F01D7}.AppStore|x86.ActiveCfg = Release|Any CPU
		{DB58376A-2CB4-4F77-8DC3-A4B6051F01D7}.AppStore|x86.Build.0 = Release|Any CPU
		{DB58376A-2CB4-4F77-8DC3-A4B6051F01D7}.AppStore|x86.Deploy.0 = Release|Any CPU
		{DB58376A-2CB4-4F77-8DC3-A4B6051F01D7}.Debug|Any CPU.ActiveCfg = Debug|Any CPU
		{DB58376A-2CB4-4F77-8DC3-A4B6051F01D7}.Debug|Any CPU.Build.0 = Debug|Any CPU
		{DB58376A-2CB4-4F77-8DC3-A4B6051F01D7}.Debug|Any CPU.Deploy.0 = Debug|Any CPU
		{DB58376A-2CB4-4F77-8DC3-A4B6051F01D7}.Debug|ARM.ActiveCfg = Debug|Any CPU
		{DB58376A-2CB4-4F77-8DC3-A4B6051F01D7}.Debug|ARM.Build.0 = Debug|Any CPU
		{DB58376A-2CB4-4F77-8DC3-A4B6051F01D7}.Debug|ARM.Deploy.0 = Debug|Any CPU
		{DB58376A-2CB4-4F77-8DC3-A4B6051F01D7}.Debug|iPhone.ActiveCfg = Debug|Any CPU
		{DB58376A-2CB4-4F77-8DC3-A4B6051F01D7}.Debug|iPhone.Build.0 = Debug|Any CPU
		{DB58376A-2CB4-4F77-8DC3-A4B6051F01D7}.Debug|iPhone.Deploy.0 = Debug|Any CPU
		{DB58376A-2CB4-4F77-8DC3-A4B6051F01D7}.Debug|iPhoneSimulator.ActiveCfg = Debug|Any CPU
		{DB58376A-2CB4-4F77-8DC3-A4B6051F01D7}.Debug|iPhoneSimulator.Build.0 = Debug|Any CPU
		{DB58376A-2CB4-4F77-8DC3-A4B6051F01D7}.Debug|iPhoneSimulator.Deploy.0 = Debug|Any CPU
		{DB58376A-2CB4-4F77-8DC3-A4B6051F01D7}.Debug|x64.ActiveCfg = Debug|Any CPU
		{DB58376A-2CB4-4F77-8DC3-A4B6051F01D7}.Debug|x64.Build.0 = Debug|Any CPU
		{DB58376A-2CB4-4F77-8DC3-A4B6051F01D7}.Debug|x64.Deploy.0 = Debug|Any CPU
		{DB58376A-2CB4-4F77-8DC3-A4B6051F01D7}.Debug|x86.ActiveCfg = Debug|Any CPU
		{DB58376A-2CB4-4F77-8DC3-A4B6051F01D7}.Debug|x86.Build.0 = Debug|Any CPU
		{DB58376A-2CB4-4F77-8DC3-A4B6051F01D7}.Debug|x86.Deploy.0 = Debug|Any CPU
		{DB58376A-2CB4-4F77-8DC3-A4B6051F01D7}.Release|Any CPU.ActiveCfg = Release|Any CPU
		{DB58376A-2CB4-4F77-8DC3-A4B6051F01D7}.Release|Any CPU.Build.0 = Release|Any CPU
		{DB58376A-2CB4-4F77-8DC3-A4B6051F01D7}.Release|Any CPU.Deploy.0 = Release|Any CPU
		{DB58376A-2CB4-4F77-8DC3-A4B6051F01D7}.Release|ARM.ActiveCfg = Release|Any CPU
		{DB58376A-2CB4-4F77-8DC3-A4B6051F01D7}.Release|ARM.Build.0 = Release|Any CPU
		{DB58376A-2CB4-4F77-8DC3-A4B6051F01D7}.Release|ARM.Deploy.0 = Release|Any CPU
		{DB58376A-2CB4-4F77-8DC3-A4B6051F01D7}.Release|iPhone.ActiveCfg = Release|Any CPU
		{DB58376A-2CB4-4F77-8DC3-A4B6051F01D7}.Release|iPhone.Build.0 = Release|Any CPU
		{DB58376A-2CB4-4F77-8DC3-A4B6051F01D7}.Release|iPhone.Deploy.0 = Release|Any CPU
		{DB58376A-2CB4-4F77-8DC3-A4B6051F01D7}.Release|iPhoneSimulator.ActiveCfg = Release|Any CPU
		{DB58376A-2CB4-4F77-8DC3-A4B6051F01D7}.Release|iPhoneSimulator.Build.0 = Release|Any CPU
		{DB58376A-2CB4-4F77-8DC3-A4B6051F01D7}.Release|iPhoneSimulator.Deploy.0 = Release|Any CPU
		{DB58376A-2CB4-4F77-8DC3-A4B6051F01D7}.Release|x64.ActiveCfg = Release|Any CPU
		{DB58376A-2CB4-4F77-8DC3-A4B6051F01D7}.Release|x64.Build.0 = Release|Any CPU
		{DB58376A-2CB4-4F77-8DC3-A4B6051F01D7}.Release|x64.Deploy.0 = Release|Any CPU
		{DB58376A-2CB4-4F77-8DC3-A4B6051F01D7}.Release|x86.ActiveCfg = Release|Any CPU
		{DB58376A-2CB4-4F77-8DC3-A4B6051F01D7}.Release|x86.Build.0 = Release|Any CPU
		{DB58376A-2CB4-4F77-8DC3-A4B6051F01D7}.Release|x86.Deploy.0 = Release|Any CPU
		{ACB27231-4E3E-40D5-9759-167A629674AB}.Ad-Hoc|Any CPU.ActiveCfg = Ad-Hoc|iPhone
		{ACB27231-4E3E-40D5-9759-167A629674AB}.Ad-Hoc|ARM.ActiveCfg = Ad-Hoc|iPhone
		{ACB27231-4E3E-40D5-9759-167A629674AB}.Ad-Hoc|iPhone.ActiveCfg = Ad-Hoc|iPhone
		{ACB27231-4E3E-40D5-9759-167A629674AB}.Ad-Hoc|iPhone.Build.0 = Ad-Hoc|iPhone
		{ACB27231-4E3E-40D5-9759-167A629674AB}.Ad-Hoc|iPhoneSimulator.ActiveCfg = Ad-Hoc|iPhoneSimulator
		{ACB27231-4E3E-40D5-9759-167A629674AB}.Ad-Hoc|iPhoneSimulator.Build.0 = Ad-Hoc|iPhoneSimulator
		{ACB27231-4E3E-40D5-9759-167A629674AB}.Ad-Hoc|x64.ActiveCfg = Ad-Hoc|iPhone
		{ACB27231-4E3E-40D5-9759-167A629674AB}.Ad-Hoc|x86.ActiveCfg = Ad-Hoc|iPhone
		{ACB27231-4E3E-40D5-9759-167A629674AB}.AppStore|Any CPU.ActiveCfg = AppStore|iPhone
		{ACB27231-4E3E-40D5-9759-167A629674AB}.AppStore|ARM.ActiveCfg = AppStore|iPhone
		{ACB27231-4E3E-40D5-9759-167A629674AB}.AppStore|iPhone.ActiveCfg = AppStore|iPhone
		{ACB27231-4E3E-40D5-9759-167A629674AB}.AppStore|iPhone.Build.0 = AppStore|iPhone
		{ACB27231-4E3E-40D5-9759-167A629674AB}.AppStore|iPhoneSimulator.ActiveCfg = AppStore|iPhoneSimulator
		{ACB27231-4E3E-40D5-9759-167A629674AB}.AppStore|iPhoneSimulator.Build.0 = AppStore|iPhoneSimulator
		{ACB27231-4E3E-40D5-9759-167A629674AB}.AppStore|x64.ActiveCfg = AppStore|iPhone
		{ACB27231-4E3E-40D5-9759-167A629674AB}.AppStore|x86.ActiveCfg = AppStore|iPhone
		{ACB27231-4E3E-40D5-9759-167A629674AB}.Debug|Any CPU.ActiveCfg = Debug|iPhone
		{ACB27231-4E3E-40D5-9759-167A629674AB}.Debug|ARM.ActiveCfg = Debug|iPhone
		{ACB27231-4E3E-40D5-9759-167A629674AB}.Debug|iPhone.ActiveCfg = Debug|iPhone
		{ACB27231-4E3E-40D5-9759-167A629674AB}.Debug|iPhone.Build.0 = Debug|iPhone
		{ACB27231-4E3E-40D5-9759-167A629674AB}.Debug|iPhoneSimulator.ActiveCfg = Debug|iPhoneSimulator
		{ACB27231-4E3E-40D5-9759-167A629674AB}.Debug|iPhoneSimulator.Build.0 = Debug|iPhoneSimulator
		{ACB27231-4E3E-40D5-9759-167A629674AB}.Debug|x64.ActiveCfg = Debug|iPhone
		{ACB27231-4E3E-40D5-9759-167A629674AB}.Debug|x86.ActiveCfg = Debug|iPhone
		{ACB27231-4E3E-40D5-9759-167A629674AB}.Release|Any CPU.ActiveCfg = Release|iPhone
		{ACB27231-4E3E-40D5-9759-167A629674AB}.Release|ARM.ActiveCfg = Release|iPhone
		{ACB27231-4E3E-40D5-9759-167A629674AB}.Release|iPhone.ActiveCfg = Release|iPhone
		{ACB27231-4E3E-40D5-9759-167A629674AB}.Release|iPhone.Build.0 = Release|iPhone
		{ACB27231-4E3E-40D5-9759-167A629674AB}.Release|iPhoneSimulator.ActiveCfg = Release|iPhoneSimulator
		{ACB27231-4E3E-40D5-9759-167A629674AB}.Release|iPhoneSimulator.Build.0 = Release|iPhoneSimulator
		{ACB27231-4E3E-40D5-9759-167A629674AB}.Release|x64.ActiveCfg = Release|iPhone
		{ACB27231-4E3E-40D5-9759-167A629674AB}.Release|x86.ActiveCfg = Release|iPhone
		{BA6FA0DD-22D2-4815-A6BC-31E181D9F2D5}.Ad-Hoc|Any CPU.ActiveCfg = Release|x86
		{BA6FA0DD-22D2-4815-A6BC-31E181D9F2D5}.Ad-Hoc|Any CPU.Build.0 = Release|x86
		{BA6FA0DD-22D2-4815-A6BC-31E181D9F2D5}.Ad-Hoc|Any CPU.Deploy.0 = Release|x86
		{BA6FA0DD-22D2-4815-A6BC-31E181D9F2D5}.Ad-Hoc|ARM.ActiveCfg = Release|ARM
		{BA6FA0DD-22D2-4815-A6BC-31E181D9F2D5}.Ad-Hoc|ARM.Build.0 = Release|ARM
		{BA6FA0DD-22D2-4815-A6BC-31E181D9F2D5}.Ad-Hoc|ARM.Deploy.0 = Release|ARM
		{BA6FA0DD-22D2-4815-A6BC-31E181D9F2D5}.Ad-Hoc|iPhone.ActiveCfg = Release|x86
		{BA6FA0DD-22D2-4815-A6BC-31E181D9F2D5}.Ad-Hoc|iPhone.Build.0 = Release|x86
		{BA6FA0DD-22D2-4815-A6BC-31E181D9F2D5}.Ad-Hoc|iPhone.Deploy.0 = Release|x86
		{BA6FA0DD-22D2-4815-A6BC-31E181D9F2D5}.Ad-Hoc|iPhoneSimulator.ActiveCfg = Release|x86
		{BA6FA0DD-22D2-4815-A6BC-31E181D9F2D5}.Ad-Hoc|iPhoneSimulator.Build.0 = Release|x86
		{BA6FA0DD-22D2-4815-A6BC-31E181D9F2D5}.Ad-Hoc|iPhoneSimulator.Deploy.0 = Release|x86
		{BA6FA0DD-22D2-4815-A6BC-31E181D9F2D5}.Ad-Hoc|x64.ActiveCfg = Release|x64
		{BA6FA0DD-22D2-4815-A6BC-31E181D9F2D5}.Ad-Hoc|x64.Build.0 = Release|x64
		{BA6FA0DD-22D2-4815-A6BC-31E181D9F2D5}.Ad-Hoc|x64.Deploy.0 = Release|x64
		{BA6FA0DD-22D2-4815-A6BC-31E181D9F2D5}.Ad-Hoc|x86.ActiveCfg = Release|x86
		{BA6FA0DD-22D2-4815-A6BC-31E181D9F2D5}.Ad-Hoc|x86.Build.0 = Release|x86
		{BA6FA0DD-22D2-4815-A6BC-31E181D9F2D5}.Ad-Hoc|x86.Deploy.0 = Release|x86
		{BA6FA0DD-22D2-4815-A6BC-31E181D9F2D5}.AppStore|Any CPU.ActiveCfg = Release|x86
		{BA6FA0DD-22D2-4815-A6BC-31E181D9F2D5}.AppStore|Any CPU.Build.0 = Release|x86
		{BA6FA0DD-22D2-4815-A6BC-31E181D9F2D5}.AppStore|Any CPU.Deploy.0 = Release|x86
		{BA6FA0DD-22D2-4815-A6BC-31E181D9F2D5}.AppStore|ARM.ActiveCfg = Release|ARM
		{BA6FA0DD-22D2-4815-A6BC-31E181D9F2D5}.AppStore|ARM.Build.0 = Release|ARM
		{BA6FA0DD-22D2-4815-A6BC-31E181D9F2D5}.AppStore|ARM.Deploy.0 = Release|ARM
		{BA6FA0DD-22D2-4815-A6BC-31E181D9F2D5}.AppStore|iPhone.ActiveCfg = Release|x86
		{BA6FA0DD-22D2-4815-A6BC-31E181D9F2D5}.AppStore|iPhone.Build.0 = Release|x86
		{BA6FA0DD-22D2-4815-A6BC-31E181D9F2D5}.AppStore|iPhone.Deploy.0 = Release|x86
		{BA6FA0DD-22D2-4815-A6BC-31E181D9F2D5}.AppStore|iPhoneSimulator.ActiveCfg = Release|x86
		{BA6FA0DD-22D2-4815-A6BC-31E181D9F2D5}.AppStore|iPhoneSimulator.Build.0 = Release|x86
		{BA6FA0DD-22D2-4815-A6BC-31E181D9F2D5}.AppStore|iPhoneSimulator.Deploy.0 = Release|x86
		{BA6FA0DD-22D2-4815-A6BC-31E181D9F2D5}.AppStore|x64.ActiveCfg = Release|x64
		{BA6FA0DD-22D2-4815-A6BC-31E181D9F2D5}.AppStore|x64.Build.0 = Release|x64
		{BA6FA0DD-22D2-4815-A6BC-31E181D9F2D5}.AppStore|x64.Deploy.0 = Release|x64
		{BA6FA0DD-22D2-4815-A6BC-31E181D9F2D5}.AppStore|x86.ActiveCfg = Release|x86
		{BA6FA0DD-22D2-4815-A6BC-31E181D9F2D5}.AppStore|x86.Build.0 = Release|x86
		{BA6FA0DD-22D2-4815-A6BC-31E181D9F2D5}.AppStore|x86.Deploy.0 = Release|x86
		{BA6FA0DD-22D2-4815-A6BC-31E181D9F2D5}.Debug|Any CPU.ActiveCfg = Debug|x86
		{BA6FA0DD-22D2-4815-A6BC-31E181D9F2D5}.Debug|ARM.ActiveCfg = Debug|ARM
		{BA6FA0DD-22D2-4815-A6BC-31E181D9F2D5}.Debug|ARM.Build.0 = Debug|ARM
		{BA6FA0DD-22D2-4815-A6BC-31E181D9F2D5}.Debug|ARM.Deploy.0 = Debug|ARM
		{BA6FA0DD-22D2-4815-A6BC-31E181D9F2D5}.Debug|iPhone.ActiveCfg = Debug|x86
		{BA6FA0DD-22D2-4815-A6BC-31E181D9F2D5}.Debug|iPhoneSimulator.ActiveCfg = Debug|x86
		{BA6FA0DD-22D2-4815-A6BC-31E181D9F2D5}.Debug|x64.ActiveCfg = Debug|x64
		{BA6FA0DD-22D2-4815-A6BC-31E181D9F2D5}.Debug|x64.Build.0 = Debug|x64
		{BA6FA0DD-22D2-4815-A6BC-31E181D9F2D5}.Debug|x64.Deploy.0 = Debug|x64
		{BA6FA0DD-22D2-4815-A6BC-31E181D9F2D5}.Debug|x86.ActiveCfg = Debug|x86
		{BA6FA0DD-22D2-4815-A6BC-31E181D9F2D5}.Debug|x86.Build.0 = Debug|x86
		{BA6FA0DD-22D2-4815-A6BC-31E181D9F2D5}.Debug|x86.Deploy.0 = Debug|x86
		{BA6FA0DD-22D2-4815-A6BC-31E181D9F2D5}.Release|Any CPU.ActiveCfg = Release|x86
		{BA6FA0DD-22D2-4815-A6BC-31E181D9F2D5}.Release|ARM.ActiveCfg = Release|ARM
		{BA6FA0DD-22D2-4815-A6BC-31E181D9F2D5}.Release|ARM.Build.0 = Release|ARM
		{BA6FA0DD-22D2-4815-A6BC-31E181D9F2D5}.Release|ARM.Deploy.0 = Release|ARM
		{BA6FA0DD-22D2-4815-A6BC-31E181D9F2D5}.Release|iPhone.ActiveCfg = Release|x86
		{BA6FA0DD-22D2-4815-A6BC-31E181D9F2D5}.Release|iPhoneSimulator.ActiveCfg = Release|x86
		{BA6FA0DD-22D2-4815-A6BC-31E181D9F2D5}.Release|x64.ActiveCfg = Release|x64
		{BA6FA0DD-22D2-4815-A6BC-31E181D9F2D5}.Release|x64.Build.0 = Release|x64
		{BA6FA0DD-22D2-4815-A6BC-31E181D9F2D5}.Release|x64.Deploy.0 = Release|x64
		{BA6FA0DD-22D2-4815-A6BC-31E181D9F2D5}.Release|x86.ActiveCfg = Release|x86
		{BA6FA0DD-22D2-4815-A6BC-31E181D9F2D5}.Release|x86.Build.0 = Release|x86
		{BA6FA0DD-22D2-4815-A6BC-31E181D9F2D5}.Release|x86.Deploy.0 = Release|x86
		{6DC77E45-A322-4593-BFE2-37781E0463C2}.Ad-Hoc|Any CPU.ActiveCfg = Release|Any CPU
		{6DC77E45-A322-4593-BFE2-37781E0463C2}.Ad-Hoc|Any CPU.Build.0 = Release|Any CPU
		{6DC77E45-A322-4593-BFE2-37781E0463C2}.Ad-Hoc|Any CPU.Deploy.0 = Release|Any CPU
		{6DC77E45-A322-4593-BFE2-37781E0463C2}.Ad-Hoc|ARM.ActiveCfg = Release|Any CPU
		{6DC77E45-A322-4593-BFE2-37781E0463C2}.Ad-Hoc|ARM.Build.0 = Release|Any CPU
		{6DC77E45-A322-4593-BFE2-37781E0463C2}.Ad-Hoc|ARM.Deploy.0 = Release|Any CPU
		{6DC77E45-A322-4593-BFE2-37781E0463C2}.Ad-Hoc|iPhone.ActiveCfg = Release|Any CPU
		{6DC77E45-A322-4593-BFE2-37781E0463C2}.Ad-Hoc|iPhone.Build.0 = Release|Any CPU
		{6DC77E45-A322-4593-BFE2-37781E0463C2}.Ad-Hoc|iPhone.Deploy.0 = Release|Any CPU
		{6DC77E45-A322-4593-BFE2-37781E0463C2}.Ad-Hoc|iPhoneSimulator.ActiveCfg = Release|Any CPU
		{6DC77E45-A322-4593-BFE2-37781E0463C2}.Ad-Hoc|iPhoneSimulator.Build.0 = Release|Any CPU
		{6DC77E45-A322-4593-BFE2-37781E0463C2}.Ad-Hoc|iPhoneSimulator.Deploy.0 = Release|Any CPU
		{6DC77E45-A322-4593-BFE2-37781E0463C2}.Ad-Hoc|x64.ActiveCfg = Release|Any CPU
		{6DC77E45-A322-4593-BFE2-37781E0463C2}.Ad-Hoc|x64.Build.0 = Release|Any CPU
		{6DC77E45-A322-4593-BFE2-37781E0463C2}.Ad-Hoc|x64.Deploy.0 = Release|Any CPU
		{6DC77E45-A322-4593-BFE2-37781E0463C2}.Ad-Hoc|x86.ActiveCfg = Release|Any CPU
		{6DC77E45-A322-4593-BFE2-37781E0463C2}.Ad-Hoc|x86.Build.0 = Release|Any CPU
		{6DC77E45-A322-4593-BFE2-37781E0463C2}.Ad-Hoc|x86.Deploy.0 = Release|Any CPU
		{6DC77E45-A322-4593-BFE2-37781E0463C2}.AppStore|Any CPU.ActiveCfg = Release|Any CPU
		{6DC77E45-A322-4593-BFE2-37781E0463C2}.AppStore|Any CPU.Build.0 = Release|Any CPU
		{6DC77E45-A322-4593-BFE2-37781E0463C2}.AppStore|Any CPU.Deploy.0 = Release|Any CPU
		{6DC77E45-A322-4593-BFE2-37781E0463C2}.AppStore|ARM.ActiveCfg = Release|Any CPU
		{6DC77E45-A322-4593-BFE2-37781E0463C2}.AppStore|ARM.Build.0 = Release|Any CPU
		{6DC77E45-A322-4593-BFE2-37781E0463C2}.AppStore|ARM.Deploy.0 = Release|Any CPU
		{6DC77E45-A322-4593-BFE2-37781E0463C2}.AppStore|iPhone.ActiveCfg = Release|Any CPU
		{6DC77E45-A322-4593-BFE2-37781E0463C2}.AppStore|iPhone.Build.0 = Release|Any CPU
		{6DC77E45-A322-4593-BFE2-37781E0463C2}.AppStore|iPhone.Deploy.0 = Release|Any CPU
		{6DC77E45-A322-4593-BFE2-37781E0463C2}.AppStore|iPhoneSimulator.ActiveCfg = Release|Any CPU
		{6DC77E45-A322-4593-BFE2-37781E0463C2}.AppStore|iPhoneSimulator.Build.0 = Release|Any CPU
		{6DC77E45-A322-4593-BFE2-37781E0463C2}.AppStore|iPhoneSimulator.Deploy.0 = Release|Any CPU
		{6DC77E45-A322-4593-BFE2-37781E0463C2}.AppStore|x64.ActiveCfg = Release|Any CPU
		{6DC77E45-A322-4593-BFE2-37781E0463C2}.AppStore|x64.Build.0 = Release|Any CPU
		{6DC77E45-A322-4593-BFE2-37781E0463C2}.AppStore|x64.Deploy.0 = Release|Any CPU
		{6DC77E45-A322-4593-BFE2-37781E0463C2}.AppStore|x86.ActiveCfg = Release|Any CPU
		{6DC77E45-A322-4593-BFE2-37781E0463C2}.AppStore|x86.Build.0 = Release|Any CPU
		{6DC77E45-A322-4593-BFE2-37781E0463C2}.AppStore|x86.Deploy.0 = Release|Any CPU
		{6DC77E45-A322-4593-BFE2-37781E0463C2}.Debug|Any CPU.ActiveCfg = Debug|Any CPU
		{6DC77E45-A322-4593-BFE2-37781E0463C2}.Debug|Any CPU.Build.0 = Debug|Any CPU
		{6DC77E45-A322-4593-BFE2-37781E0463C2}.Debug|Any CPU.Deploy.0 = Debug|Any CPU
		{6DC77E45-A322-4593-BFE2-37781E0463C2}.Debug|ARM.ActiveCfg = Debug|Any CPU
		{6DC77E45-A322-4593-BFE2-37781E0463C2}.Debug|ARM.Build.0 = Debug|Any CPU
		{6DC77E45-A322-4593-BFE2-37781E0463C2}.Debug|ARM.Deploy.0 = Debug|Any CPU
		{6DC77E45-A322-4593-BFE2-37781E0463C2}.Debug|iPhone.ActiveCfg = Debug|Any CPU
		{6DC77E45-A322-4593-BFE2-37781E0463C2}.Debug|iPhone.Build.0 = Debug|Any CPU
		{6DC77E45-A322-4593-BFE2-37781E0463C2}.Debug|iPhone.Deploy.0 = Debug|Any CPU
		{6DC77E45-A322-4593-BFE2-37781E0463C2}.Debug|iPhoneSimulator.ActiveCfg = Debug|Any CPU
		{6DC77E45-A322-4593-BFE2-37781E0463C2}.Debug|iPhoneSimulator.Build.0 = Debug|Any CPU
		{6DC77E45-A322-4593-BFE2-37781E0463C2}.Debug|iPhoneSimulator.Deploy.0 = Debug|Any CPU
		{6DC77E45-A322-4593-BFE2-37781E0463C2}.Debug|x64.ActiveCfg = Debug|Any CPU
		{6DC77E45-A322-4593-BFE2-37781E0463C2}.Debug|x64.Build.0 = Debug|Any CPU
		{6DC77E45-A322-4593-BFE2-37781E0463C2}.Debug|x64.Deploy.0 = Debug|Any CPU
		{6DC77E45-A322-4593-BFE2-37781E0463C2}.Debug|x86.ActiveCfg = Debug|Any CPU
		{6DC77E45-A322-4593-BFE2-37781E0463C2}.Debug|x86.Build.0 = Debug|Any CPU
		{6DC77E45-A322-4593-BFE2-37781E0463C2}.Debug|x86.Deploy.0 = Debug|Any CPU
		{6DC77E45-A322-4593-BFE2-37781E0463C2}.Release|Any CPU.ActiveCfg = Release|Any CPU
		{6DC77E45-A322-4593-BFE2-37781E0463C2}.Release|Any CPU.Build.0 = Release|Any CPU
		{6DC77E45-A322-4593-BFE2-37781E0463C2}.Release|Any CPU.Deploy.0 = Release|Any CPU
		{6DC77E45-A322-4593-BFE2-37781E0463C2}.Release|ARM.ActiveCfg = Release|Any CPU
		{6DC77E45-A322-4593-BFE2-37781E0463C2}.Release|ARM.Build.0 = Release|Any CPU
		{6DC77E45-A322-4593-BFE2-37781E0463C2}.Release|ARM.Deploy.0 = Release|Any CPU
		{6DC77E45-A322-4593-BFE2-37781E0463C2}.Release|iPhone.ActiveCfg = Release|Any CPU
		{6DC77E45-A322-4593-BFE2-37781E0463C2}.Release|iPhone.Build.0 = Release|Any CPU
		{6DC77E45-A322-4593-BFE2-37781E0463C2}.Release|iPhone.Deploy.0 = Release|Any CPU
		{6DC77E45-A322-4593-BFE2-37781E0463C2}.Release|iPhoneSimulator.ActiveCfg = Release|Any CPU
		{6DC77E45-A322-4593-BFE2-37781E0463C2}.Release|iPhoneSimulator.Build.0 = Release|Any CPU
		{6DC77E45-A322-4593-BFE2-37781E0463C2}.Release|iPhoneSimulator.Deploy.0 = Release|Any CPU
		{6DC77E45-A322-4593-BFE2-37781E0463C2}.Release|x64.ActiveCfg = Release|Any CPU
		{6DC77E45-A322-4593-BFE2-37781E0463C2}.Release|x64.Build.0 = Release|Any CPU
		{6DC77E45-A322-4593-BFE2-37781E0463C2}.Release|x64.Deploy.0 = Release|Any CPU
		{6DC77E45-A322-4593-BFE2-37781E0463C2}.Release|x86.ActiveCfg = Release|Any CPU
		{6DC77E45-A322-4593-BFE2-37781E0463C2}.Release|x86.Build.0 = Release|Any CPU
		{6DC77E45-A322-4593-BFE2-37781E0463C2}.Release|x86.Deploy.0 = Release|Any CPU
	EndGlobalSection
	GlobalSection(SolutionProperties) = preSolution
		HideSolutionNode = FALSE
	EndGlobalSection
	GlobalSection(ExtensibilityGlobals) = postSolution
		SolutionGuid = {6AB5CBBC-06F2-4C9D-B666-873C6D7D76F2}
	EndGlobalSection
EndGlobal
